{
  "name": "blogvue",
  "version": "1.0.0",
  "lockfileVersion": 1,
  "requires": true,
  "dependencies": {
    "bootstrap": {
      "version": "5.0.1",
      "resolved": "https://registry.npmjs.org/bootstrap/-/bootstrap-5.0.1.tgz",
      "integrity": "sha512-Fl79+wsLOZKoiU345KeEaWD0ik8WKRI5zm0YSPj2oF1Qr+BO7z0fco6GbUtqjoG1h4VI89PeKJnMsMMVQdKKTw=="
    },
    "vue": {
      "version": "2.6.13",
      "resolved": "https://registry.npmjs.org/vue/-/vue-2.6.13.tgz",
      "integrity": "sha512-O+pAdJkce1ooYS1XyoQtpBQr9An+Oys3w39rkqxukVO3ZD1ilYJkWBGoRuadiQEm2LLJnCL2utV4TMSf52ubjw=="
    },
    "vue2-filters": {
      "version": "0.12.0",
      "resolved": "https://registry.npmjs.org/vue2-filters/-/vue2-filters-0.12.0.tgz",
      "integrity": "sha512-9t70uXg1Pvf9ZF4tun2ZZVcv5+qd+0JJLBuAKUy4Nm0Ihaxo5Nn6iiMsBzuzwUyQIGPq3bSnk4boEVQJFN1DlQ=="
    }
  }
}
